
Microsoft Visual Studio Solution File, Format Version 12.00
# Visual Studio Version 16
VisualStudioVersion = 16.0.29905.134
MinimumVisualStudioVersion = 10.0.40219.1
Project("{FAE04EC0-301F-11D3-BF4B-00C04F79EFBC}") = "Лаб_1_2_СИАКОД", "Лаб_1_2_СИАКОД\Лаб_1_2_СИАКОД.csproj", "{5D7744FC-F6A7-422E-A9BA-1B09C3377DD9}"
EndProject
Global
	GlobalSection(SolutionConfigurationPlatforms) = preSolution
		Debug|Any CPU = Debug|Any CPU
		Release|Any CPU = Release|Any CPU
	EndGlobalSection
	GlobalSection(ProjectConfigurationPlatforms) = postSolution
		{5D7744FC-F6A7-422E-A9BA-1B09C3377DD9}.Debug|Any CPU.ActiveCfg = Debug|Any CPU
		{5D7744FC-F6A7-422E-A9BA-1B09C3377DD9}.Debug|Any CPU.Build.0 = Debug|Any CPU
		{5D7744FC-F6A7-422E-A9BA-1B09C3377DD9}.Release|Any CPU.ActiveCfg = Release|Any CPU
		{5D7744FC-F6A7-422E-A9BA-1B09C3377DD9}.Release|Any CPU.Build.0 = Release|Any CPU
	EndGlobalSection
	GlobalSection(SolutionProperties) = preSolution
		HideSolutionNode = FALSE
	EndGlobalSection
	GlobalSection(ExtensibilityGlobals) = postSolution
		SolutionGuid = {42190545-FDEB-4A0C-8994-F0F8E306FF51}
	EndGlobalSection
EndGlobal
